// !$*UTF8*$!
{
	archiveVersion = 1;
	classes = {
	};
	objectVersion = 46;
	objects = {

/* Begin PBXBuildFile section */
		0D5E73091FE8A03700D172B8 /* RGBAView.swift in Sources */ = {isa = PBXBuildFile; fileRef = 0D5E73081FE8A03700D172B8 /* RGBAView.swift */; };
		0D5E730B1FE8BA4D00D172B8 /* CIColorControls.swift in Sources */ = {isa = PBXBuildFile; fileRef = 0D5E730A1FE8BA4D00D172B8 /* CIColorControls.swift */; };
		0D5E730D1FE8BA8700D172B8 /* CIColorMatrix.swift in Sources */ = {isa = PBXBuildFile; fileRef = 0D5E730C1FE8BA8700D172B8 /* CIColorMatrix.swift */; };
		0D5E730F1FE8BA9400D172B8 /* CIColorPolynomial.swift in Sources */ = {isa = PBXBuildFile; fileRef = 0D5E730E1FE8BA9400D172B8 /* CIColorPolynomial.swift */; };
		0D5E73111FE8BAA200D172B8 /* CIExposureAdjust.swift in Sources */ = {isa = PBXBuildFile; fileRef = 0D5E73101FE8BAA200D172B8 /* CIExposureAdjust.swift */; };
		0D5E73131FE8BAAE00D172B8 /* CIGammaAdjust.swift in Sources */ = {isa = PBXBuildFile; fileRef = 0D5E73121FE8BAAE00D172B8 /* CIGammaAdjust.swift */; };
		0D5E73151FE8BAB800D172B8 /* CIHueAdjust.swift in Sources */ = {isa = PBXBuildFile; fileRef = 0D5E73141FE8BAB800D172B8 /* CIHueAdjust.swift */; };
		0D5E73171FE8BAC200D172B8 /* CILinearToSRGBToneCurve.swift in Sources */ = {isa = PBXBuildFile; fileRef = 0D5E73161FE8BAC200D172B8 /* CILinearToSRGBToneCurve.swift */; };
		0D5E73191FE8BACD00D172B8 /* CITemperatureAndTint.swift in Sources */ = {isa = PBXBuildFile; fileRef = 0D5E73181FE8BACD00D172B8 /* CITemperatureAndTint.swift */; };
		0D5E731B1FE8BADF00D172B8 /* CISRGBToneCurveToLinear.swift in Sources */ = {isa = PBXBuildFile; fileRef = 0D5E731A1FE8BADF00D172B8 /* CISRGBToneCurveToLinear.swift */; };
		0D5E731D1FE8BAED00D172B8 /* CIToneCurve.swift in Sources */ = {isa = PBXBuildFile; fileRef = 0D5E731C1FE8BAED00D172B8 /* CIToneCurve.swift */; };
		0D5E731F1FE8BAF700D172B8 /* CIVibrance.swift in Sources */ = {isa = PBXBuildFile; fileRef = 0D5E731E1FE8BAF700D172B8 /* CIVibrance.swift */; };
		0D5E73211FE8BB0200D172B8 /* CIWhitePointAdjust.swift in Sources */ = {isa = PBXBuildFile; fileRef = 0D5E73201FE8BB0200D172B8 /* CIWhitePointAdjust.swift */; };
		0D5E73231FE8F3C800D172B8 /* PointView.swift in Sources */ = {isa = PBXBuildFile; fileRef = 0D5E73221FE8F3C800D172B8 /* PointView.swift */; };
		0D5EA9732003696700855D36 /* CIBumpDistortion.swift in Sources */ = {isa = PBXBuildFile; fileRef = 0D5EA9722003696700855D36 /* CIBumpDistortion.swift */; };
		0D5EA9752003697600855D36 /* CIBumpDistortionLinear.swift in Sources */ = {isa = PBXBuildFile; fileRef = 0D5EA9742003697600855D36 /* CIBumpDistortionLinear.swift */; };
		0D5EA9772003698300855D36 /* CICircleSplashDistortion.swift in Sources */ = {isa = PBXBuildFile; fileRef = 0D5EA9762003698300855D36 /* CICircleSplashDistortion.swift */; };
		0D5EA9792003699000855D36 /* CICircularWrap.swift in Sources */ = {isa = PBXBuildFile; fileRef = 0D5EA9782003699000855D36 /* CICircularWrap.swift */; };
		0D5EA97B2003699C00855D36 /* CIDroste.swift in Sources */ = {isa = PBXBuildFile; fileRef = 0D5EA97A2003699C00855D36 /* CIDroste.swift */; };
		0D5EA97D200369A700855D36 /* CIDisplacementDistortion.swift in Sources */ = {isa = PBXBuildFile; fileRef = 0D5EA97C200369A700855D36 /* CIDisplacementDistortion.swift */; };
		0D5EA97F200369B300855D36 /* CIGlassDistortion.swift in Sources */ = {isa = PBXBuildFile; fileRef = 0D5EA97E200369B300855D36 /* CIGlassDistortion.swift */; };
		0D5EA981200369BE00855D36 /* CIGlassLozenge.swift in Sources */ = {isa = PBXBuildFile; fileRef = 0D5EA980200369BE00855D36 /* CIGlassLozenge.swift */; };
		0D5EA983200369CA00855D36 /* CIHoleDistortion.swift in Sources */ = {isa = PBXBuildFile; fileRef = 0D5EA982200369CA00855D36 /* CIHoleDistortion.swift */; };
		0D5EA985200369D500855D36 /* CILightTunnel.swift in Sources */ = {isa = PBXBuildFile; fileRef = 0D5EA984200369D500855D36 /* CILightTunnel.swift */; };
		0D5EA987200369E000855D36 /* CIPinchDistortion.swift in Sources */ = {isa = PBXBuildFile; fileRef = 0D5EA986200369E000855D36 /* CIPinchDistortion.swift */; };
		0D5EA989200369EC00855D36 /* CIStretchCrop.swift in Sources */ = {isa = PBXBuildFile; fileRef = 0D5EA988200369EC00855D36 /* CIStretchCrop.swift */; };
		0D5EA98B200369F700855D36 /* CITorusLensDistortion.swift in Sources */ = {isa = PBXBuildFile; fileRef = 0D5EA98A200369F700855D36 /* CITorusLensDistortion.swift */; };
		0D5EA98D20036A0200855D36 /* CITwirlDistortion.swift in Sources */ = {isa = PBXBuildFile; fileRef = 0D5EA98C20036A0200855D36 /* CITwirlDistortion.swift */; };
		0D5EA98F20036A0E00855D36 /* CIVortexDistortion.swift in Sources */ = {isa = PBXBuildFile; fileRef = 0D5EA98E20036A0E00855D36 /* CIVortexDistortion.swift */; };
		0D728D3D1FF36B5A00C00B47 /* CIColorCrossPolynomial.swift in Sources */ = {isa = PBXBuildFile; fileRef = 0D728D3C1FF36B5A00C00B47 /* CIColorCrossPolynomial.swift */; };
		0D728D3F1FF36B6A00C00B47 /* CIColorCube.swift in Sources */ = {isa = PBXBuildFile; fileRef = 0D728D3E1FF36B6A00C00B47 /* CIColorCube.swift */; };
		0D728D411FF36B7800C00B47 /* CIColorCubeWithColorSpace.swift in Sources */ = {isa = PBXBuildFile; fileRef = 0D728D401FF36B7800C00B47 /* CIColorCubeWithColorSpace.swift */; };
		0D728D431FF36B8700C00B47 /* CIColorInvert.swift in Sources */ = {isa = PBXBuildFile; fileRef = 0D728D421FF36B8700C00B47 /* CIColorInvert.swift */; };
		0D728D451FF36B9700C00B47 /* CIColorMap.swift in Sources */ = {isa = PBXBuildFile; fileRef = 0D728D441FF36B9700C00B47 /* CIColorMap.swift */; };
		0D728D471FF36BA600C00B47 /* CIColorMonochrome.swift in Sources */ = {isa = PBXBuildFile; fileRef = 0D728D461FF36BA600C00B47 /* CIColorMonochrome.swift */; };
		0D728D491FF36BB300C00B47 /* CIColorPosterize.swift in Sources */ = {isa = PBXBuildFile; fileRef = 0D728D481FF36BB300C00B47 /* CIColorPosterize.swift */; };
		0D728D4B1FF36BC400C00B47 /* CIFalseColor.swift in Sources */ = {isa = PBXBuildFile; fileRef = 0D728D4A1FF36BC400C00B47 /* CIFalseColor.swift */; };
		0D728D4D1FF36BD300C00B47 /* CIMaskToAlpha.swift in Sources */ = {isa = PBXBuildFile; fileRef = 0D728D4C1FF36BD300C00B47 /* CIMaskToAlpha.swift */; };
		0D728D4F1FF36BE400C00B47 /* CIMaximumComponent.swift in Sources */ = {isa = PBXBuildFile; fileRef = 0D728D4E1FF36BE400C00B47 /* CIMaximumComponent.swift */; };
		0D728D511FF36BF000C00B47 /* CIMinimumComponent.swift in Sources */ = {isa = PBXBuildFile; fileRef = 0D728D501FF36BF000C00B47 /* CIMinimumComponent.swift */; };
		0D728D531FF36BFF00C00B47 /* CIPhotoEffectChrome.swift in Sources */ = {isa = PBXBuildFile; fileRef = 0D728D521FF36BFF00C00B47 /* CIPhotoEffectChrome.swift */; };
		0D728D551FF36C1900C00B47 /* CIPhotoEffectFade.swift in Sources */ = {isa = PBXBuildFile; fileRef = 0D728D541FF36C1900C00B47 /* CIPhotoEffectFade.swift */; };
		0D728D571FF36C2800C00B47 /* CIPhotoEffectInstant.swift in Sources */ = {isa = PBXBuildFile; fileRef = 0D728D561FF36C2800C00B47 /* CIPhotoEffectInstant.swift */; };
		0D728D591FF36C3600C00B47 /* CIPhotoEffectMono.swift in Sources */ = {isa = PBXBuildFile; fileRef = 0D728D581FF36C3600C00B47 /* CIPhotoEffectMono.swift */; };
		0D728D5B1FF36C4200C00B47 /* CIPhotoEffectNoir.swift in Sources */ = {isa = PBXBuildFile; fileRef = 0D728D5A1FF36C4200C00B47 /* CIPhotoEffectNoir.swift */; };
		0D728D5D1FF36C4E00C00B47 /* CIPhotoEffectProcess.swift in Sources */ = {isa = PBXBuildFile; fileRef = 0D728D5C1FF36C4E00C00B47 /* CIPhotoEffectProcess.swift */; };
		0D728D5F1FF36C5900C00B47 /* CIPhotoEffectTonal.swift in Sources */ = {isa = PBXBuildFile; fileRef = 0D728D5E1FF36C5900C00B47 /* CIPhotoEffectTonal.swift */; };
		0D728D611FF36C6500C00B47 /* CIPhotoEffectTransfer.swift in Sources */ = {isa = PBXBuildFile; fileRef = 0D728D601FF36C6500C00B47 /* CIPhotoEffectTransfer.swift */; };
		0D728D631FF36C7200C00B47 /* CISepiaTone.swift in Sources */ = {isa = PBXBuildFile; fileRef = 0D728D621FF36C7200C00B47 /* CISepiaTone.swift */; };
		0D728D651FF36C7D00C00B47 /* CIVignette.swift in Sources */ = {isa = PBXBuildFile; fileRef = 0D728D641FF36C7D00C00B47 /* CIVignette.swift */; };
		0D728D671FF36C8800C00B47 /* CIVignetteEffect.swift in Sources */ = {isa = PBXBuildFile; fileRef = 0D728D661FF36C8800C00B47 /* CIVignetteEffect.swift */; };
		0D728D691FF36D8000C00B47 /* MultipleView.swift in Sources */ = {isa = PBXBuildFile; fileRef = 0D728D681FF36D8000C00B47 /* MultipleView.swift */; };
		0D728D711FF3846900C00B47 /* CIFilter+ColorLUT.m in Sources */ = {isa = PBXBuildFile; fileRef = 0D728D701FF3846900C00B47 /* CIFilter+ColorLUT.m */; };
		0DF2E1A01FF4D155008E68E8 /* CIAdditionCompositing.swift in Sources */ = {isa = PBXBuildFile; fileRef = 0DF2E19F1FF4D155008E68E8 /* CIAdditionCompositing.swift */; };
		0DF2E1A21FF4D165008E68E8 /* CIColorBlendMode.swift in Sources */ = {isa = PBXBuildFile; fileRef = 0DF2E1A11FF4D165008E68E8 /* CIColorBlendMode.swift */; };
		0DF2E1A41FF4D172008E68E8 /* CIColorBurnBlendMode.swift in Sources */ = {isa = PBXBuildFile; fileRef = 0DF2E1A31FF4D172008E68E8 /* CIColorBurnBlendMode.swift */; };
		0DF2E1A61FF4D17D008E68E8 /* CIColorDodgeBlendMode.swift in Sources */ = {isa = PBXBuildFile; fileRef = 0DF2E1A51FF4D17D008E68E8 /* CIColorDodgeBlendMode.swift */; };
		0DF2E1A81FF4D188008E68E8 /* CIDarkenBlendMode.swift in Sources */ = {isa = PBXBuildFile; fileRef = 0DF2E1A71FF4D188008E68E8 /* CIDarkenBlendMode.swift */; };
		0DF2E1AA1FF4D193008E68E8 /* CIDifferenceBlendMode.swift in Sources */ = {isa = PBXBuildFile; fileRef = 0DF2E1A91FF4D193008E68E8 /* CIDifferenceBlendMode.swift */; };
		0DF2E1AC1FF4D19F008E68E8 /* CIDivideBlendMode.swift in Sources */ = {isa = PBXBuildFile; fileRef = 0DF2E1AB1FF4D19F008E68E8 /* CIDivideBlendMode.swift */; };
		0DF2E1AE1FF4D1AB008E68E8 /* CIExclusionBlendMode.swift in Sources */ = {isa = PBXBuildFile; fileRef = 0DF2E1AD1FF4D1AB008E68E8 /* CIExclusionBlendMode.swift */; };
		0DF2E1B01FF4D1B5008E68E8 /* CIHardLightBlendMode.swift in Sources */ = {isa = PBXBuildFile; fileRef = 0DF2E1AF1FF4D1B5008E68E8 /* CIHardLightBlendMode.swift */; };
		0DF2E1B21FF4D1C0008E68E8 /* CIHueBlendMode.swift in Sources */ = {isa = PBXBuildFile; fileRef = 0DF2E1B11FF4D1C0008E68E8 /* CIHueBlendMode.swift */; };
		0DF2E1B41FF4D1CB008E68E8 /* CILightenBlendMode.swift in Sources */ = {isa = PBXBuildFile; fileRef = 0DF2E1B31FF4D1CB008E68E8 /* CILightenBlendMode.swift */; };
		0DF2E1B61FF4D1D6008E68E8 /* CILinearBurnBlendMode.swift in Sources */ = {isa = PBXBuildFile; fileRef = 0DF2E1B51FF4D1D6008E68E8 /* CILinearBurnBlendMode.swift */; };
		0DF2E1B81FF4D1E1008E68E8 /* CILinearDodgeBlendMode.swift in Sources */ = {isa = PBXBuildFile; fileRef = 0DF2E1B71FF4D1E1008E68E8 /* CILinearDodgeBlendMode.swift */; };
		0DF2E1BA1FF4D1ED008E68E8 /* CILuminosityBlendMode.swift in Sources */ = {isa = PBXBuildFile; fileRef = 0DF2E1B91FF4D1ED008E68E8 /* CILuminosityBlendMode.swift */; };
		0DF2E1BC1FF4D1F8008E68E8 /* CIMaximumCompositing.swift in Sources */ = {isa = PBXBuildFile; fileRef = 0DF2E1BB1FF4D1F8008E68E8 /* CIMaximumCompositing.swift */; };
		0DF2E1BE1FF4D204008E68E8 /* CIMinimumCompositing.swift in Sources */ = {isa = PBXBuildFile; fileRef = 0DF2E1BD1FF4D204008E68E8 /* CIMinimumCompositing.swift */; };
		0DF2E1C01FF4D20F008E68E8 /* CIMultiplyBlendMode.swift in Sources */ = {isa = PBXBuildFile; fileRef = 0DF2E1BF1FF4D20F008E68E8 /* CIMultiplyBlendMode.swift */; };
		0DF2E1C21FF4D21B008E68E8 /* CIMultiplyCompositing.swift in Sources */ = {isa = PBXBuildFile; fileRef = 0DF2E1C11FF4D21B008E68E8 /* CIMultiplyCompositing.swift */; };
		0DF2E1C41FF4D225008E68E8 /* CIOverlayBlendMode.swift in Sources */ = {isa = PBXBuildFile; fileRef = 0DF2E1C31FF4D225008E68E8 /* CIOverlayBlendMode.swift */; };
		0DF2E1C61FF4D230008E68E8 /* CIPinLightBlendMode.swift in Sources */ = {isa = PBXBuildFile; fileRef = 0DF2E1C51FF4D230008E68E8 /* CIPinLightBlendMode.swift */; };
		0DF2E1C81FF4D23C008E68E8 /* CISaturationBlendMode.swift in Sources */ = {isa = PBXBuildFile; fileRef = 0DF2E1C71FF4D23C008E68E8 /* CISaturationBlendMode.swift */; };
		0DF2E1CA1FF4D248008E68E8 /* CIScreenBlendMode.swift in Sources */ = {isa = PBXBuildFile; fileRef = 0DF2E1C91FF4D248008E68E8 /* CIScreenBlendMode.swift */; };
		0DF2E1CC1FF4D253008E68E8 /* CISoftLightBlendMode.swift in Sources */ = {isa = PBXBuildFile; fileRef = 0DF2E1CB1FF4D253008E68E8 /* CISoftLightBlendMode.swift */; };
		0DF2E1CE1FF4D25E008E68E8 /* CISourceAtopCompositing.swift in Sources */ = {isa = PBXBuildFile; fileRef = 0DF2E1CD1FF4D25E008E68E8 /* CISourceAtopCompositing.swift */; };
		0DF2E1D01FF4D269008E68E8 /* CISourceInCompositing.swift in Sources */ = {isa = PBXBuildFile; fileRef = 0DF2E1CF1FF4D269008E68E8 /* CISourceInCompositing.swift */; };
		0DF2E1D21FF4D275008E68E8 /* CISourceOutCompositing.swift in Sources */ = {isa = PBXBuildFile; fileRef = 0DF2E1D11FF4D275008E68E8 /* CISourceOutCompositing.swift */; };
		0DF2E1D41FF4D281008E68E8 /* CISourceOverCompositing.swift in Sources */ = {isa = PBXBuildFile; fileRef = 0DF2E1D31FF4D281008E68E8 /* CISourceOverCompositing.swift */; };
		0DF2E1D61FF4D28D008E68E8 /* CISubtractBlendMode.swift in Sources */ = {isa = PBXBuildFile; fileRef = 0DF2E1D51FF4D28D008E68E8 /* CISubtractBlendMode.swift */; };
		D932AC671FC2D4EB00764902 /* CIDiscBlur.swift in Sources */ = {isa = PBXBuildFile; fileRef = D932AC661FC2D4EB00764902 /* CIDiscBlur.swift */; };
		D932AC691FC2D5AB00764902 /* CIGaussianBlur.swift in Sources */ = {isa = PBXBuildFile; fileRef = D932AC681FC2D5AB00764902 /* CIGaussianBlur.swift */; };
		D932AC6B1FC2D70100764902 /* CIMaskedVariableBlur.swift in Sources */ = {isa = PBXBuildFile; fileRef = D932AC6A1FC2D70100764902 /* CIMaskedVariableBlur.swift */; };
		D93544C81F6FB8FC006C5496 /* UIImageExt.swift in Sources */ = {isa = PBXBuildFile; fileRef = D93544C71F6FB8FC006C5496 /* UIImageExt.swift */; };
		D94D50F91FC3B48B00BEBB19 /* CIMedianFilter.swift in Sources */ = {isa = PBXBuildFile; fileRef = D94D50F81FC3B48B00BEBB19 /* CIMedianFilter.swift */; };
		D94D50FB1FC3B98A00BEBB19 /* CIMotionBlur.swift in Sources */ = {isa = PBXBuildFile; fileRef = D94D50FA1FC3B98A00BEBB19 /* CIMotionBlur.swift */; };
		D94D50FD1FC3C4D100BEBB19 /* CINoiseReduction.swift in Sources */ = {isa = PBXBuildFile; fileRef = D94D50FC1FC3C4D100BEBB19 /* CINoiseReduction.swift */; };
		D94D51011FC3C77100BEBB19 /* CIZoomBlur.swift in Sources */ = {isa = PBXBuildFile; fileRef = D94D51001FC3C77100BEBB19 /* CIZoomBlur.swift */; };
		D94D51041FC4228500BEBB19 /* CIColorClamp.swift in Sources */ = {isa = PBXBuildFile; fileRef = D94D51031FC4228500BEBB19 /* CIColorClamp.swift */; };
		D9BBFDBD1F6BAAFA00A09E46 /* AppDelegate.swift in Sources */ = {isa = PBXBuildFile; fileRef = D9BBFDBC1F6BAAFA00A09E46 /* AppDelegate.swift */; };
		D9BBFDBF1F6BAAFA00A09E46 /* ViewController.swift in Sources */ = {isa = PBXBuildFile; fileRef = D9BBFDBE1F6BAAFA00A09E46 /* ViewController.swift */; };
		D9BBFDC21F6BAAFA00A09E46 /* Main.storyboard in Resources */ = {isa = PBXBuildFile; fileRef = D9BBFDC01F6BAAFA00A09E46 /* Main.storyboard */; };
		D9BBFDC41F6BAAFA00A09E46 /* Assets.xcassets in Resources */ = {isa = PBXBuildFile; fileRef = D9BBFDC31F6BAAFA00A09E46 /* Assets.xcassets */; };
		D9BBFDC71F6BAAFA00A09E46 /* LaunchScreen.storyboard in Resources */ = {isa = PBXBuildFile; fileRef = D9BBFDC51F6BAAFA00A09E46 /* LaunchScreen.storyboard */; };
		D9BBFDD01F6BAB4F00A09E46 /* CIBoxBlur.swift in Sources */ = {isa = PBXBuildFile; fileRef = D9BBFDCF1F6BAB4F00A09E46 /* CIBoxBlur.swift */; };
		D9BBFDD21F6BB1EC00A09E46 /* BaseFilter.swift in Sources */ = {isa = PBXBuildFile; fileRef = D9BBFDD11F6BB1EC00A09E46 /* BaseFilter.swift */; };
		D9BBFDD81F6BBDB200A09E46 /* SliderView.swift in Sources */ = {isa = PBXBuildFile; fileRef = D9BBFDD71F6BBDB200A09E46 /* SliderView.swift */; };
/* End PBXBuildFile section */

/* Begin PBXFileReference section */
		0D5E73081FE8A03700D172B8 /* RGBAView.swift */ = {isa = PBXFileReference; lastKnownFileType = sourcecode.swift; path = RGBAView.swift; sourceTree = "<group>"; };
		0D5E730A1FE8BA4D00D172B8 /* CIColorControls.swift */ = {isa = PBXFileReference; lastKnownFileType = sourcecode.swift; path = CIColorControls.swift; sourceTree = "<group>"; };
		0D5E730C1FE8BA8700D172B8 /* CIColorMatrix.swift */ = {isa = PBXFileReference; lastKnownFileType = sourcecode.swift; path = CIColorMatrix.swift; sourceTree = "<group>"; };
		0D5E730E1FE8BA9400D172B8 /* CIColorPolynomial.swift */ = {isa = PBXFileReference; lastKnownFileType = sourcecode.swift; path = CIColorPolynomial.swift; sourceTree = "<group>"; };
		0D5E73101FE8BAA200D172B8 /* CIExposureAdjust.swift */ = {isa = PBXFileReference; lastKnownFileType = sourcecode.swift; path = CIExposureAdjust.swift; sourceTree = "<group>"; };
		0D5E73121FE8BAAE00D172B8 /* CIGammaAdjust.swift */ = {isa = PBXFileReference; lastKnownFileType = sourcecode.swift; path = CIGammaAdjust.swift; sourceTree = "<group>"; };
		0D5E73141FE8BAB800D172B8 /* CIHueAdjust.swift */ = {isa = PBXFileReference; lastKnownFileType = sourcecode.swift; path = CIHueAdjust.swift; sourceTree = "<group>"; };
		0D5E73161FE8BAC200D172B8 /* CILinearToSRGBToneCurve.swift */ = {isa = PBXFileReference; lastKnownFileType = sourcecode.swift; path = CILinearToSRGBToneCurve.swift; sourceTree = "<group>"; };
		0D5E73181FE8BACD00D172B8 /* CITemperatureAndTint.swift */ = {isa = PBXFileReference; lastKnownFileType = sourcecode.swift; path = CITemperatureAndTint.swift; sourceTree = "<group>"; };
		0D5E731A1FE8BADF00D172B8 /* CISRGBToneCurveToLinear.swift */ = {isa = PBXFileReference; lastKnownFileType = sourcecode.swift; path = CISRGBToneCurveToLinear.swift; sourceTree = "<group>"; };
		0D5E731C1FE8BAED00D172B8 /* CIToneCurve.swift */ = {isa = PBXFileReference; lastKnownFileType = sourcecode.swift; path = CIToneCurve.swift; sourceTree = "<group>"; };
		0D5E731E1FE8BAF700D172B8 /* CIVibrance.swift */ = {isa = PBXFileReference; lastKnownFileType = sourcecode.swift; path = CIVibrance.swift; sourceTree = "<group>"; };
		0D5E73201FE8BB0200D172B8 /* CIWhitePointAdjust.swift */ = {isa = PBXFileReference; lastKnownFileType = sourcecode.swift; path = CIWhitePointAdjust.swift; sourceTree = "<group>"; };
		0D5E73221FE8F3C800D172B8 /* PointView.swift */ = {isa = PBXFileReference; lastKnownFileType = sourcecode.swift; path = PointView.swift; sourceTree = "<group>"; };
		0D5EA9722003696700855D36 /* CIBumpDistortion.swift */ = {isa = PBXFileReference; lastKnownFileType = sourcecode.swift; path = CIBumpDistortion.swift; sourceTree = "<group>"; };
		0D5EA9742003697600855D36 /* CIBumpDistortionLinear.swift */ = {isa = PBXFileReference; lastKnownFileType = sourcecode.swift; path = CIBumpDistortionLinear.swift; sourceTree = "<group>"; };
		0D5EA9762003698300855D36 /* CICircleSplashDistortion.swift */ = {isa = PBXFileReference; lastKnownFileType = sourcecode.swift; path = CICircleSplashDistortion.swift; sourceTree = "<group>"; };
		0D5EA9782003699000855D36 /* CICircularWrap.swift */ = {isa = PBXFileReference; lastKnownFileType = sourcecode.swift; path = CICircularWrap.swift; sourceTree = "<group>"; };
		0D5EA97A2003699C00855D36 /* CIDroste.swift */ = {isa = PBXFileReference; lastKnownFileType = sourcecode.swift; path = CIDroste.swift; sourceTree = "<group>"; };
		0D5EA97C200369A700855D36 /* CIDisplacementDistortion.swift */ = {isa = PBXFileReference; lastKnownFileType = sourcecode.swift; path = CIDisplacementDistortion.swift; sourceTree = "<group>"; };
		0D5EA97E200369B300855D36 /* CIGlassDistortion.swift */ = {isa = PBXFileReference; lastKnownFileType = sourcecode.swift; path = CIGlassDistortion.swift; sourceTree = "<group>"; };
		0D5EA980200369BE00855D36 /* CIGlassLozenge.swift */ = {isa = PBXFileReference; lastKnownFileType = sourcecode.swift; path = CIGlassLozenge.swift; sourceTree = "<group>"; };
		0D5EA982200369CA00855D36 /* CIHoleDistortion.swift */ = {isa = PBXFileReference; lastKnownFileType = sourcecode.swift; path = CIHoleDistortion.swift; sourceTree = "<group>"; };
		0D5EA984200369D500855D36 /* CILightTunnel.swift */ = {isa = PBXFileReference; lastKnownFileType = sourcecode.swift; path = CILightTunnel.swift; sourceTree = "<group>"; };
		0D5EA986200369E000855D36 /* CIPinchDistortion.swift */ = {isa = PBXFileReference; lastKnownFileType = sourcecode.swift; path = CIPinchDistortion.swift; sourceTree = "<group>"; };
		0D5EA988200369EC00855D36 /* CIStretchCrop.swift */ = {isa = PBXFileReference; lastKnownFileType = sourcecode.swift; path = CIStretchCrop.swift; sourceTree = "<group>"; };
		0D5EA98A200369F700855D36 /* CITorusLensDistortion.swift */ = {isa = PBXFileReference; lastKnownFileType = sourcecode.swift; path = CITorusLensDistortion.swift; sourceTree = "<group>"; };
		0D5EA98C20036A0200855D36 /* CITwirlDistortion.swift */ = {isa = PBXFileReference; lastKnownFileType = sourcecode.swift; path = CITwirlDistortion.swift; sourceTree = "<group>"; };
		0D5EA98E20036A0E00855D36 /* CIVortexDistortion.swift */ = {isa = PBXFileReference; lastKnownFileType = sourcecode.swift; path = CIVortexDistortion.swift; sourceTree = "<group>"; };
		0D728D3C1FF36B5A00C00B47 /* CIColorCrossPolynomial.swift */ = {isa = PBXFileReference; lastKnownFileType = sourcecode.swift; path = CIColorCrossPolynomial.swift; sourceTree = "<group>"; };
		0D728D3E1FF36B6A00C00B47 /* CIColorCube.swift */ = {isa = PBXFileReference; lastKnownFileType = sourcecode.swift; path = CIColorCube.swift; sourceTree = "<group>"; };
		0D728D401FF36B7800C00B47 /* CIColorCubeWithColorSpace.swift */ = {isa = PBXFileReference; lastKnownFileType = sourcecode.swift; path = CIColorCubeWithColorSpace.swift; sourceTree = "<group>"; };
		0D728D421FF36B8700C00B47 /* CIColorInvert.swift */ = {isa = PBXFileReference; lastKnownFileType = sourcecode.swift; path = CIColorInvert.swift; sourceTree = "<group>"; };
		0D728D441FF36B9700C00B47 /* CIColorMap.swift */ = {isa = PBXFileReference; lastKnownFileType = sourcecode.swift; path = CIColorMap.swift; sourceTree = "<group>"; };
		0D728D461FF36BA600C00B47 /* CIColorMonochrome.swift */ = {isa = PBXFileReference; lastKnownFileType = sourcecode.swift; path = CIColorMonochrome.swift; sourceTree = "<group>"; };
		0D728D481FF36BB300C00B47 /* CIColorPosterize.swift */ = {isa = PBXFileReference; lastKnownFileType = sourcecode.swift; path = CIColorPosterize.swift; sourceTree = "<group>"; };
		0D728D4A1FF36BC400C00B47 /* CIFalseColor.swift */ = {isa = PBXFileReference; lastKnownFileType = sourcecode.swift; path = CIFalseColor.swift; sourceTree = "<group>"; };
		0D728D4C1FF36BD300C00B47 /* CIMaskToAlpha.swift */ = {isa = PBXFileReference; lastKnownFileType = sourcecode.swift; path = CIMaskToAlpha.swift; sourceTree = "<group>"; };
		0D728D4E1FF36BE400C00B47 /* CIMaximumComponent.swift */ = {isa = PBXFileReference; lastKnownFileType = sourcecode.swift; path = CIMaximumComponent.swift; sourceTree = "<group>"; };
		0D728D501FF36BF000C00B47 /* CIMinimumComponent.swift */ = {isa = PBXFileReference; lastKnownFileType = sourcecode.swift; path = CIMinimumComponent.swift; sourceTree = "<group>"; };
		0D728D521FF36BFF00C00B47 /* CIPhotoEffectChrome.swift */ = {isa = PBXFileReference; lastKnownFileType = sourcecode.swift; path = CIPhotoEffectChrome.swift; sourceTree = "<group>"; };
		0D728D541FF36C1900C00B47 /* CIPhotoEffectFade.swift */ = {isa = PBXFileReference; lastKnownFileType = sourcecode.swift; path = CIPhotoEffectFade.swift; sourceTree = "<group>"; };
		0D728D561FF36C2800C00B47 /* CIPhotoEffectInstant.swift */ = {isa = PBXFileReference; lastKnownFileType = sourcecode.swift; path = CIPhotoEffectInstant.swift; sourceTree = "<group>"; };
		0D728D581FF36C3600C00B47 /* CIPhotoEffectMono.swift */ = {isa = PBXFileReference; lastKnownFileType = sourcecode.swift; path = CIPhotoEffectMono.swift; sourceTree = "<group>"; };
		0D728D5A1FF36C4200C00B47 /* CIPhotoEffectNoir.swift */ = {isa = PBXFileReference; lastKnownFileType = sourcecode.swift; path = CIPhotoEffectNoir.swift; sourceTree = "<group>"; };
		0D728D5C1FF36C4E00C00B47 /* CIPhotoEffectProcess.swift */ = {isa = PBXFileReference; lastKnownFileType = sourcecode.swift; path = CIPhotoEffectProcess.swift; sourceTree = "<group>"; };
		0D728D5E1FF36C5900C00B47 /* CIPhotoEffectTonal.swift */ = {isa = PBXFileReference; lastKnownFileType = sourcecode.swift; path = CIPhotoEffectTonal.swift; sourceTree = "<group>"; };
		0D728D601FF36C6500C00B47 /* CIPhotoEffectTransfer.swift */ = {isa = PBXFileReference; lastKnownFileType = sourcecode.swift; path = CIPhotoEffectTransfer.swift; sourceTree = "<group>"; };
		0D728D621FF36C7200C00B47 /* CISepiaTone.swift */ = {isa = PBXFileReference; lastKnownFileType = sourcecode.swift; path = CISepiaTone.swift; sourceTree = "<group>"; };
		0D728D641FF36C7D00C00B47 /* CIVignette.swift */ = {isa = PBXFileReference; lastKnownFileType = sourcecode.swift; path = CIVignette.swift; sourceTree = "<group>"; };
		0D728D661FF36C8800C00B47 /* CIVignetteEffect.swift */ = {isa = PBXFileReference; lastKnownFileType = sourcecode.swift; path = CIVignetteEffect.swift; sourceTree = "<group>"; };
		0D728D681FF36D8000C00B47 /* MultipleView.swift */ = {isa = PBXFileReference; lastKnownFileType = sourcecode.swift; path = MultipleView.swift; sourceTree = "<group>"; };
		0D728D6B1FF3810A00C00B47 /* Filters-Bridging-Header.h */ = {isa = PBXFileReference; lastKnownFileType = sourcecode.c.h; path = "Filters-Bridging-Header.h"; sourceTree = "<group>"; };
		0D728D6F1FF3846900C00B47 /* CIFilter+ColorLUT.h */ = {isa = PBXFileReference; fileEncoding = 4; lastKnownFileType = sourcecode.c.h; path = "CIFilter+ColorLUT.h"; sourceTree = "<group>"; };
		0D728D701FF3846900C00B47 /* CIFilter+ColorLUT.m */ = {isa = PBXFileReference; fileEncoding = 4; lastKnownFileType = sourcecode.c.objc; path = "CIFilter+ColorLUT.m"; sourceTree = "<group>"; };
		0DF2E19F1FF4D155008E68E8 /* CIAdditionCompositing.swift */ = {isa = PBXFileReference; lastKnownFileType = sourcecode.swift; path = CIAdditionCompositing.swift; sourceTree = "<group>"; };
		0DF2E1A11FF4D165008E68E8 /* CIColorBlendMode.swift */ = {isa = PBXFileReference; lastKnownFileType = sourcecode.swift; path = CIColorBlendMode.swift; sourceTree = "<group>"; };
		0DF2E1A31FF4D172008E68E8 /* CIColorBurnBlendMode.swift */ = {isa = PBXFileReference; lastKnownFileType = sourcecode.swift; path = CIColorBurnBlendMode.swift; sourceTree = "<group>"; };
		0DF2E1A51FF4D17D008E68E8 /* CIColorDodgeBlendMode.swift */ = {isa = PBXFileReference; lastKnownFileType = sourcecode.swift; path = CIColorDodgeBlendMode.swift; sourceTree = "<group>"; };
		0DF2E1A71FF4D188008E68E8 /* CIDarkenBlendMode.swift */ = {isa = PBXFileReference; lastKnownFileType = sourcecode.swift; path = CIDarkenBlendMode.swift; sourceTree = "<group>"; };
		0DF2E1A91FF4D193008E68E8 /* CIDifferenceBlendMode.swift */ = {isa = PBXFileReference; lastKnownFileType = sourcecode.swift; path = CIDifferenceBlendMode.swift; sourceTree = "<group>"; };
		0DF2E1AB1FF4D19F008E68E8 /* CIDivideBlendMode.swift */ = {isa = PBXFileReference; lastKnownFileType = sourcecode.swift; path = CIDivideBlendMode.swift; sourceTree = "<group>"; };
		0DF2E1AD1FF4D1AB008E68E8 /* CIExclusionBlendMode.swift */ = {isa = PBXFileReference; lastKnownFileType = sourcecode.swift; path = CIExclusionBlendMode.swift; sourceTree = "<group>"; };
		0DF2E1AF1FF4D1B5008E68E8 /* CIHardLightBlendMode.swift */ = {isa = PBXFileReference; lastKnownFileType = sourcecode.swift; path = CIHardLightBlendMode.swift; sourceTree = "<group>"; };
		0DF2E1B11FF4D1C0008E68E8 /* CIHueBlendMode.swift */ = {isa = PBXFileReference; lastKnownFileType = sourcecode.swift; path = CIHueBlendMode.swift; sourceTree = "<group>"; };
		0DF2E1B31FF4D1CB008E68E8 /* CILightenBlendMode.swift */ = {isa = PBXFileReference; lastKnownFileType = sourcecode.swift; path = CILightenBlendMode.swift; sourceTree = "<group>"; };
		0DF2E1B51FF4D1D6008E68E8 /* CILinearBurnBlendMode.swift */ = {isa = PBXFileReference; lastKnownFileType = sourcecode.swift; path = CILinearBurnBlendMode.swift; sourceTree = "<group>"; };
		0DF2E1B71FF4D1E1008E68E8 /* CILinearDodgeBlendMode.swift */ = {isa = PBXFileReference; lastKnownFileType = sourcecode.swift; path = CILinearDodgeBlendMode.swift; sourceTree = "<group>"; };
		0DF2E1B91FF4D1ED008E68E8 /* CILuminosityBlendMode.swift */ = {isa = PBXFileReference; lastKnownFileType = sourcecode.swift; path = CILuminosityBlendMode.swift; sourceTree = "<group>"; };
		0DF2E1BB1FF4D1F8008E68E8 /* CIMaximumCompositing.swift */ = {isa = PBXFileReference; lastKnownFileType = sourcecode.swift; path = CIMaximumCompositing.swift; sourceTree = "<group>"; };
		0DF2E1BD1FF4D204008E68E8 /* CIMinimumCompositing.swift */ = {isa = PBXFileReference; lastKnownFileType = sourcecode.swift; path = CIMinimumCompositing.swift; sourceTree = "<group>"; };
		0DF2E1BF1FF4D20F008E68E8 /* CIMultiplyBlendMode.swift */ = {isa = PBXFileReference; lastKnownFileType = sourcecode.swift; path = CIMultiplyBlendMode.swift; sourceTree = "<group>"; };
		0DF2E1C11FF4D21B008E68E8 /* CIMultiplyCompositing.swift */ = {isa = PBXFileReference; lastKnownFileType = sourcecode.swift; path = CIMultiplyCompositing.swift; sourceTree = "<group>"; };
		0DF2E1C31FF4D225008E68E8 /* CIOverlayBlendMode.swift */ = {isa = PBXFileReference; lastKnownFileType = sourcecode.swift; path = CIOverlayBlendMode.swift; sourceTree = "<group>"; };
		0DF2E1C51FF4D230008E68E8 /* CIPinLightBlendMode.swift */ = {isa = PBXFileReference; lastKnownFileType = sourcecode.swift; path = CIPinLightBlendMode.swift; sourceTree = "<group>"; };
		0DF2E1C71FF4D23C008E68E8 /* CISaturationBlendMode.swift */ = {isa = PBXFileReference; lastKnownFileType = sourcecode.swift; path = CISaturationBlendMode.swift; sourceTree = "<group>"; };
		0DF2E1C91FF4D248008E68E8 /* CIScreenBlendMode.swift */ = {isa = PBXFileReference; lastKnownFileType = sourcecode.swift; path = CIScreenBlendMode.swift; sourceTree = "<group>"; };
		0DF2E1CB1FF4D253008E68E8 /* CISoftLightBlendMode.swift */ = {isa = PBXFileReference; lastKnownFileType = sourcecode.swift; path = CISoftLightBlendMode.swift; sourceTree = "<group>"; };
		0DF2E1CD1FF4D25E008E68E8 /* CISourceAtopCompositing.swift */ = {isa = PBXFileReference; lastKnownFileType = sourcecode.swift; path = CISourceAtopCompositing.swift; sourceTree = "<group>"; };
		0DF2E1CF1FF4D269008E68E8 /* CISourceInCompositing.swift */ = {isa = PBXFileReference; lastKnownFileType = sourcecode.swift; path = CISourceInCompositing.swift; sourceTree = "<group>"; };
		0DF2E1D11FF4D275008E68E8 /* CISourceOutCompositing.swift */ = {isa = PBXFileReference; lastKnownFileType = sourcecode.swift; path = CISourceOutCompositing.swift; sourceTree = "<group>"; };
		0DF2E1D31FF4D281008E68E8 /* CISourceOverCompositing.swift */ = {isa = PBXFileReference; lastKnownFileType = sourcecode.swift; path = CISourceOverCompositing.swift; sourceTree = "<group>"; };
		0DF2E1D51FF4D28D008E68E8 /* CISubtractBlendMode.swift */ = {isa = PBXFileReference; lastKnownFileType = sourcecode.swift; path = CISubtractBlendMode.swift; sourceTree = "<group>"; };
		D932AC661FC2D4EB00764902 /* CIDiscBlur.swift */ = {isa = PBXFileReference; lastKnownFileType = sourcecode.swift; path = CIDiscBlur.swift; sourceTree = "<group>"; };
		D932AC681FC2D5AB00764902 /* CIGaussianBlur.swift */ = {isa = PBXFileReference; lastKnownFileType = sourcecode.swift; path = CIGaussianBlur.swift; sourceTree = "<group>"; };
		D932AC6A1FC2D70100764902 /* CIMaskedVariableBlur.swift */ = {isa = PBXFileReference; lastKnownFileType = sourcecode.swift; path = CIMaskedVariableBlur.swift; sourceTree = "<group>"; };
		D93544C71F6FB8FC006C5496 /* UIImageExt.swift */ = {isa = PBXFileReference; fileEncoding = 4; lastKnownFileType = sourcecode.swift; path = UIImageExt.swift; sourceTree = "<group>"; };
		D94D50F81FC3B48B00BEBB19 /* CIMedianFilter.swift */ = {isa = PBXFileReference; lastKnownFileType = sourcecode.swift; path = CIMedianFilter.swift; sourceTree = "<group>"; };
		D94D50FA1FC3B98A00BEBB19 /* CIMotionBlur.swift */ = {isa = PBXFileReference; lastKnownFileType = sourcecode.swift; path = CIMotionBlur.swift; sourceTree = "<group>"; };
		D94D50FC1FC3C4D100BEBB19 /* CINoiseReduction.swift */ = {isa = PBXFileReference; lastKnownFileType = sourcecode.swift; path = CINoiseReduction.swift; sourceTree = "<group>"; };
		D94D51001FC3C77100BEBB19 /* CIZoomBlur.swift */ = {isa = PBXFileReference; lastKnownFileType = sourcecode.swift; path = CIZoomBlur.swift; sourceTree = "<group>"; };
		D94D51031FC4228500BEBB19 /* CIColorClamp.swift */ = {isa = PBXFileReference; lastKnownFileType = sourcecode.swift; path = CIColorClamp.swift; sourceTree = "<group>"; };
		D9BBFDB91F6BAAFA00A09E46 /* Filters.app */ = {isa = PBXFileReference; explicitFileType = wrapper.application; includeInIndex = 0; path = Filters.app; sourceTree = BUILT_PRODUCTS_DIR; };
		D9BBFDBC1F6BAAFA00A09E46 /* AppDelegate.swift */ = {isa = PBXFileReference; lastKnownFileType = sourcecode.swift; path = AppDelegate.swift; sourceTree = "<group>"; };
		D9BBFDBE1F6BAAFA00A09E46 /* ViewController.swift */ = {isa = PBXFileReference; lastKnownFileType = sourcecode.swift; path = ViewController.swift; sourceTree = "<group>"; };
		D9BBFDC11F6BAAFA00A09E46 /* Base */ = {isa = PBXFileReference; lastKnownFileType = file.storyboard; name = Base; path = Base.lproj/Main.storyboard; sourceTree = "<group>"; };
		D9BBFDC31F6BAAFA00A09E46 /* Assets.xcassets */ = {isa = PBXFileReference; lastKnownFileType = folder.assetcatalog; path = Assets.xcassets; sourceTree = "<group>"; };
		D9BBFDC61F6BAAFA00A09E46 /* Base */ = {isa = PBXFileReference; lastKnownFileType = file.storyboard; name = Base; path = Base.lproj/LaunchScreen.storyboard; sourceTree = "<group>"; };
		D9BBFDC81F6BAAFA00A09E46 /* Info.plist */ = {isa = PBXFileReference; lastKnownFileType = text.plist.xml; path = Info.plist; sourceTree = "<group>"; };
		D9BBFDCF1F6BAB4F00A09E46 /* CIBoxBlur.swift */ = {isa = PBXFileReference; fileEncoding = 4; lastKnownFileType = sourcecode.swift; path = CIBoxBlur.swift; sourceTree = "<group>"; };
		D9BBFDD11F6BB1EC00A09E46 /* BaseFilter.swift */ = {isa = PBXFileReference; fileEncoding = 4; lastKnownFileType = sourcecode.swift; path = BaseFilter.swift; sourceTree = "<group>"; };
		D9BBFDD71F6BBDB200A09E46 /* SliderView.swift */ = {isa = PBXFileReference; fileEncoding = 4; lastKnownFileType = sourcecode.swift; path = SliderView.swift; sourceTree = "<group>"; };
/* End PBXFileReference section */

/* Begin PBXFrameworksBuildPhase section */
		D9BBFDB61F6BAAFA00A09E46 /* Frameworks */ = {
			isa = PBXFrameworksBuildPhase;
			buildActionMask = 2147483647;
			files = (
			);
			runOnlyForDeploymentPostprocessing = 0;
		};
/* End PBXFrameworksBuildPhase section */

/* Begin PBXGroup section */
		0D5E73241FE905F700D172B8 /* CICategoryColorEffect */ = {
			isa = PBXGroup;
			children = (
				0D728D641FF36C7D00C00B47 /* CIVignette.swift */,
				0D728D441FF36B9700C00B47 /* CIColorMap.swift */,
				0D728D621FF36C7200C00B47 /* CISepiaTone.swift */,
				0D728D4A1FF36BC400C00B47 /* CIFalseColor.swift */,
				0D728D3E1FF36B6A00C00B47 /* CIColorCube.swift */,
				0D728D421FF36B8700C00B47 /* CIColorInvert.swift */,
				0D728D4C1FF36BD300C00B47 /* CIMaskToAlpha.swift */,
				0D728D661FF36C8800C00B47 /* CIVignetteEffect.swift */,
				0D728D481FF36BB300C00B47 /* CIColorPosterize.swift */,
				0D728D5A1FF36C4200C00B47 /* CIPhotoEffectNoir.swift */,
				0D728D541FF36C1900C00B47 /* CIPhotoEffectFade.swift */,
				0D728D5E1FF36C5900C00B47 /* CIPhotoEffectTonal.swift */,
				0D728D581FF36C3600C00B47 /* CIPhotoEffectMono.swift */,
				0D728D461FF36BA600C00B47 /* CIColorMonochrome.swift */,
				0D728D561FF36C2800C00B47 /* CIPhotoEffectInstant.swift */,
				0D728D521FF36BFF00C00B47 /* CIPhotoEffectChrome.swift */,
				0D728D5C1FF36C4E00C00B47 /* CIPhotoEffectProcess.swift */,
				0D728D601FF36C6500C00B47 /* CIPhotoEffectTransfer.swift */,
				0D728D501FF36BF000C00B47 /* CIMinimumComponent.swift */,
				0D728D4E1FF36BE400C00B47 /* CIMaximumComponent.swift */,
				0D728D3C1FF36B5A00C00B47 /* CIColorCrossPolynomial.swift */,
				0D728D401FF36B7800C00B47 /* CIColorCubeWithColorSpace.swift */,
			);
			name = CICategoryColorEffect;
			sourceTree = "<group>";
		};
		0D5EA9712003684A00855D36 /* CICategoryDistortionEffect */ = {
			isa = PBXGroup;
			children = (
				0D5EA9722003696700855D36 /* CIBumpDistortion.swift */,
				0D5EA9742003697600855D36 /* CIBumpDistortionLinear.swift */,
				0D5EA9762003698300855D36 /* CICircleSplashDistortion.swift */,
				0D5EA9782003699000855D36 /* CICircularWrap.swift */,
				0D5EA97A2003699C00855D36 /* CIDroste.swift */,
				0D5EA97C200369A700855D36 /* CIDisplacementDistortion.swift */,
				0D5EA97E200369B300855D36 /* CIGlassDistortion.swift */,
				0D5EA980200369BE00855D36 /* CIGlassLozenge.swift */,
				0D5EA982200369CA00855D36 /* CIHoleDistortion.swift */,
				0D5EA984200369D500855D36 /* CILightTunnel.swift */,
				0D5EA986200369E000855D36 /* CIPinchDistortion.swift */,
				0D5EA988200369EC00855D36 /* CIStretchCrop.swift */,
				0D5EA98A200369F700855D36 /* CITorusLensDistortion.swift */,
				0D5EA98C20036A0200855D36 /* CITwirlDistortion.swift */,
				0D5EA98E20036A0E00855D36 /* CIVortexDistortion.swift */,
			);
			name = CICategoryDistortionEffect;
			sourceTree = "<group>";
		};
		0D728D6A1FF380F300C00B47 /* Tool */ = {
			isa = PBXGroup;
			children = (
				0D728D6F1FF3846900C00B47 /* CIFilter+ColorLUT.h */,
				0D728D701FF3846900C00B47 /* CIFilter+ColorLUT.m */,
				0D728D6B1FF3810A00C00B47 /* Filters-Bridging-Header.h */,
			);
			name = Tool;
			sourceTree = "<group>";
		};
		0DF2E19B1FF4D0E7008E68E8 /* CICategoryCompositeOperation */ = {
			isa = PBXGroup;
			children = (
				0DF2E1B11FF4D1C0008E68E8 /* CIHueBlendMode.swift */,
				0DF2E1A11FF4D165008E68E8 /* CIColorBlendMode.swift */,
				0DF2E1AB1FF4D19F008E68E8 /* CIDivideBlendMode.swift */,
				0DF2E1C91FF4D248008E68E8 /* CIScreenBlendMode.swift */,
				0DF2E1A71FF4D188008E68E8 /* CIDarkenBlendMode.swift */,
				0DF2E1C31FF4D225008E68E8 /* CIOverlayBlendMode.swift */,
				0DF2E1B31FF4D1CB008E68E8 /* CILightenBlendMode.swift */,
				0DF2E1C51FF4D230008E68E8 /* CIPinLightBlendMode.swift */,
				0DF2E1BF1FF4D20F008E68E8 /* CIMultiplyBlendMode.swift */,
				0DF2E1D51FF4D28D008E68E8 /* CISubtractBlendMode.swift */,
				0DF2E1C11FF4D21B008E68E8 /* CIMultiplyCompositing.swift */,
				0DF2E1AD1FF4D1AB008E68E8 /* CIExclusionBlendMode.swift */,
				0DF2E1CB1FF4D253008E68E8 /* CISoftLightBlendMode.swift */,
				0DF2E19F1FF4D155008E68E8 /* CIAdditionCompositing.swift */,
				0DF2E1AF1FF4D1B5008E68E8 /* CIHardLightBlendMode.swift */,
				0DF2E1A31FF4D172008E68E8 /* CIColorBurnBlendMode.swift */,
				0DF2E1CF1FF4D269008E68E8 /* CISourceInCompositing.swift */,
				0DF2E1BD1FF4D204008E68E8 /* CIMinimumCompositing.swift */,
				0DF2E1C71FF4D23C008E68E8 /* CISaturationBlendMode.swift */,
				0DF2E1A91FF4D193008E68E8 /* CIDifferenceBlendMode.swift */,
				0DF2E1B51FF4D1D6008E68E8 /* CILinearBurnBlendMode.swift */,
				0DF2E1B91FF4D1ED008E68E8 /* CILuminosityBlendMode.swift */,
				0DF2E1BB1FF4D1F8008E68E8 /* CIMaximumCompositing.swift */,
				0DF2E1A51FF4D17D008E68E8 /* CIColorDodgeBlendMode.swift */,
				0DF2E1D11FF4D275008E68E8 /* CISourceOutCompositing.swift */,
				0DF2E1B71FF4D1E1008E68E8 /* CILinearDodgeBlendMode.swift */,
				0DF2E1CD1FF4D25E008E68E8 /* CISourceAtopCompositing.swift */,
				0DF2E1D31FF4D281008E68E8 /* CISourceOverCompositing.swift */,
			);
			name = CICategoryCompositeOperation;
			sourceTree = "<group>";
		};
		D93544C31F6FA252006C5496 /* Extension */ = {
			isa = PBXGroup;
			children = (
				D93544C71F6FB8FC006C5496 /* UIImageExt.swift */,
			);
			name = Extension;
			sourceTree = "<group>";
		};
		D93544C41F6FA2B0006C5496 /* View */ = {
			isa = PBXGroup;
			children = (
				0D5E73221FE8F3C800D172B8 /* PointView.swift */,
				0D5E73081FE8A03700D172B8 /* RGBAView.swift */,
				D9BBFDD71F6BBDB200A09E46 /* SliderView.swift */,
				0D728D681FF36D8000C00B47 /* MultipleView.swift */,
			);
			name = View;
			sourceTree = "<group>";
		};
		D94D50FE1FC3C4E000BEBB19 /* CICategoryBlur */ = {
			isa = PBXGroup;
			children = (
				D9BBFDCF1F6BAB4F00A09E46 /* CIBoxBlur.swift */,
				D932AC661FC2D4EB00764902 /* CIDiscBlur.swift */,
				D94D51001FC3C77100BEBB19 /* CIZoomBlur.swift */,
				D94D50FA1FC3B98A00BEBB19 /* CIMotionBlur.swift */,
				D94D50F81FC3B48B00BEBB19 /* CIMedianFilter.swift */,
				D932AC681FC2D5AB00764902 /* CIGaussianBlur.swift */,
				D94D50FC1FC3C4D100BEBB19 /* CINoiseReduction.swift */,
				D932AC6A1FC2D70100764902 /* CIMaskedVariableBlur.swift */,
			);
			name = CICategoryBlur;
			sourceTree = "<group>";
		};
		D94D50FF1FC3C4E800BEBB19 /* Base */ = {
			isa = PBXGroup;
			children = (
				D9BBFDD11F6BB1EC00A09E46 /* BaseFilter.swift */,
			);
			name = Base;
			sourceTree = "<group>";
		};
		D94D51021FC4225E00BEBB19 /* CICategoryColorAdjustment */ = {
			isa = PBXGroup;
			children = (
				0D5E731E1FE8BAF700D172B8 /* CIVibrance.swift */,
				0D5E73141FE8BAB800D172B8 /* CIHueAdjust.swift */,
				0D5E731C1FE8BAED00D172B8 /* CIToneCurve.swift */,
				D94D51031FC4228500BEBB19 /* CIColorClamp.swift */,
				0D5E730C1FE8BA8700D172B8 /* CIColorMatrix.swift */,
				0D5E730A1FE8BA4D00D172B8 /* CIColorControls.swift */,
				0D5E73121FE8BAAE00D172B8 /* CIGammaAdjust.swift */,
				0D5E73101FE8BAA200D172B8 /* CIExposureAdjust.swift */,
				0D5E730E1FE8BA9400D172B8 /* CIColorPolynomial.swift */,
				0D5E73201FE8BB0200D172B8 /* CIWhitePointAdjust.swift */,
				0D5E73181FE8BACD00D172B8 /* CITemperatureAndTint.swift */,
				0D5E73161FE8BAC200D172B8 /* CILinearToSRGBToneCurve.swift */,
				0D5E731A1FE8BADF00D172B8 /* CISRGBToneCurveToLinear.swift */,
			);
			name = CICategoryColorAdjustment;
			sourceTree = "<group>";
		};
		D9BBFDB01F6BAAF900A09E46 = {
			isa = PBXGroup;
			children = (
				D9BBFDBB1F6BAAFA00A09E46 /* Filters */,
				D9BBFDBA1F6BAAFA00A09E46 /* Products */,
			);
			sourceTree = "<group>";
		};
		D9BBFDBA1F6BAAFA00A09E46 /* Products */ = {
			isa = PBXGroup;
			children = (
				D9BBFDB91F6BAAFA00A09E46 /* Filters.app */,
			);
			name = Products;
			sourceTree = "<group>";
		};
		D9BBFDBB1F6BAAFA00A09E46 /* Filters */ = {
			isa = PBXGroup;
			children = (
				0D728D6A1FF380F300C00B47 /* Tool */,
				D93544C41F6FA2B0006C5496 /* View */,
				D93544C31F6FA252006C5496 /* Extension */,
				D9BBFDCE1F6BAB1800A09E46 /* CICategoryBlur */,
				D9BBFDBC1F6BAAFA00A09E46 /* AppDelegate.swift */,
				D9BBFDBE1F6BAAFA00A09E46 /* ViewController.swift */,
				D9BBFDC01F6BAAFA00A09E46 /* Main.storyboard */,
				D9BBFDC31F6BAAFA00A09E46 /* Assets.xcassets */,
				D9BBFDC51F6BAAFA00A09E46 /* LaunchScreen.storyboard */,
				D9BBFDC81F6BAAFA00A09E46 /* Info.plist */,
			);
			path = Filters;
			sourceTree = "<group>";
		};
		D9BBFDCE1F6BAB1800A09E46 /* CICategoryBlur */ = {
			isa = PBXGroup;
			children = (
				D94D50FF1FC3C4E800BEBB19 /* Base */,
				D94D50FE1FC3C4E000BEBB19 /* CICategoryBlur */,
				D94D51021FC4225E00BEBB19 /* CICategoryColorAdjustment */,
				0D5E73241FE905F700D172B8 /* CICategoryColorEffect */,
				0DF2E19B1FF4D0E7008E68E8 /* CICategoryCompositeOperation */,
				0D5EA9712003684A00855D36 /* CICategoryDistortionEffect */,
			);
			name = CICategoryBlur;
			sourceTree = "<group>";
		};
/* End PBXGroup section */

/* Begin PBXNativeTarget section */
		D9BBFDB81F6BAAFA00A09E46 /* Filters */ = {
			isa = PBXNativeTarget;
			buildConfigurationList = D9BBFDCB1F6BAAFA00A09E46 /* Build configuration list for PBXNativeTarget "Filters" */;
			buildPhases = (
				D9BBFDB51F6BAAFA00A09E46 /* Sources */,
				D9BBFDB61F6BAAFA00A09E46 /* Frameworks */,
				D9BBFDB71F6BAAFA00A09E46 /* Resources */,
			);
			buildRules = (
			);
			dependencies = (
			);
			name = Filters;
			productName = Filters;
			productReference = D9BBFDB91F6BAAFA00A09E46 /* Filters.app */;
			productType = "com.apple.product-type.application";
		};
/* End PBXNativeTarget section */

/* Begin PBXProject section */
		D9BBFDB11F6BAAF900A09E46 /* Project object */ = {
			isa = PBXProject;
			attributes = {
				LastSwiftUpdateCheck = 0830;
				LastUpgradeCheck = 0910;
				ORGANIZATIONNAME = cyd;
				TargetAttributes = {
					D9BBFDB81F6BAAFA00A09E46 = {
						CreatedOnToolsVersion = 8.3.3;
						DevelopmentTeam = 25AP33B4X5;
						LastSwiftMigration = 0920;
						ProvisioningStyle = Automatic;
					};
				};
			};
			buildConfigurationList = D9BBFDB41F6BAAF900A09E46 /* Build configuration list for PBXProject "Filters" */;
			compatibilityVersion = "Xcode 3.2";
			developmentRegion = English;
			hasScannedForEncodings = 0;
			knownRegions = (
				en,
				Base,
			);
			mainGroup = D9BBFDB01F6BAAF900A09E46;
			productRefGroup = D9BBFDBA1F6BAAFA00A09E46 /* Products */;
			projectDirPath = "";
			projectRoot = "";
			targets = (
				D9BBFDB81F6BAAFA00A09E46 /* Filters */,
			);
		};
/* End PBXProject section */

/* Begin PBXResourcesBuildPhase section */
		D9BBFDB71F6BAAFA00A09E46 /* Resources */ = {
			isa = PBXResourcesBuildPhase;
			buildActionMask = 2147483647;
			files = (
				D9BBFDC71F6BAAFA00A09E46 /* LaunchScreen.storyboard in Resources */,
				D9BBFDC41F6BAAFA00A09E46 /* Assets.xcassets in Resources */,
				D9BBFDC21F6BAAFA00A09E46 /* Main.storyboard in Resources */,
			);
			runOnlyForDeploymentPostprocessing = 0;
		};
/* End PBXResourcesBuildPhase section */

/* Begin PBXSourcesBuildPhase section */
		D9BBFDB51F6BAAFA00A09E46 /* Sources */ = {
			isa = PBXSourcesBuildPhase;
			buildActionMask = 2147483647;
			files = (
				0DF2E1C21FF4D21B008E68E8 /* CIMultiplyCompositing.swift in Sources */,
				0D728D671FF36C8800C00B47 /* CIVignetteEffect.swift in Sources */,
				0DF2E1BE1FF4D204008E68E8 /* CIMinimumCompositing.swift in Sources */,
				0D5EA987200369E000855D36 /* CIPinchDistortion.swift in Sources */,
				0D728D631FF36C7200C00B47 /* CISepiaTone.swift in Sources */,
				D94D51011FC3C77100BEBB19 /* CIZoomBlur.swift in Sources */,
				0DF2E1AC1FF4D19F008E68E8 /* CIDivideBlendMode.swift in Sources */,
				0DF2E1CA1FF4D248008E68E8 /* CIScreenBlendMode.swift in Sources */,
				0DF2E1B81FF4D1E1008E68E8 /* CILinearDodgeBlendMode.swift in Sources */,
				D94D50FD1FC3C4D100BEBB19 /* CINoiseReduction.swift in Sources */,
				0DF2E1D01FF4D269008E68E8 /* CISourceInCompositing.swift in Sources */,
				0DF2E1B01FF4D1B5008E68E8 /* CIHardLightBlendMode.swift in Sources */,
				0D5EA97D200369A700855D36 /* CIDisplacementDistortion.swift in Sources */,
				0DF2E1BC1FF4D1F8008E68E8 /* CIMaximumCompositing.swift in Sources */,
				0DF2E1CC1FF4D253008E68E8 /* CISoftLightBlendMode.swift in Sources */,
				0D5E73211FE8BB0200D172B8 /* CIWhitePointAdjust.swift in Sources */,
				0D5EA9792003699000855D36 /* CICircularWrap.swift in Sources */,
				0D5EA97B2003699C00855D36 /* CIDroste.swift in Sources */,
				0D728D691FF36D8000C00B47 /* MultipleView.swift in Sources */,
				0DF2E1A41FF4D172008E68E8 /* CIColorBurnBlendMode.swift in Sources */,
				0DF2E1C81FF4D23C008E68E8 /* CISaturationBlendMode.swift in Sources */,
				0D5EA9752003697600855D36 /* CIBumpDistortionLinear.swift in Sources */,
				0DF2E1A21FF4D165008E68E8 /* CIColorBlendMode.swift in Sources */,
				0D5EA985200369D500855D36 /* CILightTunnel.swift in Sources */,
				D9BBFDD21F6BB1EC00A09E46 /* BaseFilter.swift in Sources */,
				0D728D411FF36B7800C00B47 /* CIColorCubeWithColorSpace.swift in Sources */,
				D9BBFDD01F6BAB4F00A09E46 /* CIBoxBlur.swift in Sources */,
				0D728D5F1FF36C5900C00B47 /* CIPhotoEffectTonal.swift in Sources */,
				D9BBFDBF1F6BAAFA00A09E46 /* ViewController.swift in Sources */,
				D94D50F91FC3B48B00BEBB19 /* CIMedianFilter.swift in Sources */,
				0D728D451FF36B9700C00B47 /* CIColorMap.swift in Sources */,
				0D5E73231FE8F3C800D172B8 /* PointView.swift in Sources */,
				0D728D591FF36C3600C00B47 /* CIPhotoEffectMono.swift in Sources */,
				0DF2E1B21FF4D1C0008E68E8 /* CIHueBlendMode.swift in Sources */,
				0DF2E1A81FF4D188008E68E8 /* CIDarkenBlendMode.swift in Sources */,
				0D728D4F1FF36BE400C00B47 /* CIMaximumComponent.swift in Sources */,
				0D728D4D1FF36BD300C00B47 /* CIMaskToAlpha.swift in Sources */,
				0D5E73191FE8BACD00D172B8 /* CITemperatureAndTint.swift in Sources */,
				0D5EA983200369CA00855D36 /* CIHoleDistortion.swift in Sources */,
				0D728D491FF36BB300C00B47 /* CIColorPosterize.swift in Sources */,
				D932AC691FC2D5AB00764902 /* CIGaussianBlur.swift in Sources */,
				0DF2E1D61FF4D28D008E68E8 /* CISubtractBlendMode.swift in Sources */,
				0D5EA9772003698300855D36 /* CICircleSplashDistortion.swift in Sources */,
				D94D51041FC4228500BEBB19 /* CIColorClamp.swift in Sources */,
				0DF2E1A01FF4D155008E68E8 /* CIAdditionCompositing.swift in Sources */,
				D9BBFDBD1F6BAAFA00A09E46 /* AppDelegate.swift in Sources */,
				D932AC671FC2D4EB00764902 /* CIDiscBlur.swift in Sources */,
				0DF2E1B61FF4D1D6008E68E8 /* CILinearBurnBlendMode.swift in Sources */,
				0D728D711FF3846900C00B47 /* CIFilter+ColorLUT.m in Sources */,
				0D5EA98F20036A0E00855D36 /* CIVortexDistortion.swift in Sources */,
				0DF2E1C01FF4D20F008E68E8 /* CIMultiplyBlendMode.swift in Sources */,
				0D5E73091FE8A03700D172B8 /* RGBAView.swift in Sources */,
				D93544C81F6FB8FC006C5496 /* UIImageExt.swift in Sources */,
				0D5E73131FE8BAAE00D172B8 /* CIGammaAdjust.swift in Sources */,
				0D728D531FF36BFF00C00B47 /* CIPhotoEffectChrome.swift in Sources */,
				0DF2E1AE1FF4D1AB008E68E8 /* CIExclusionBlendMode.swift in Sources */,
				0D5EA98D20036A0200855D36 /* CITwirlDistortion.swift in Sources */,
				0D728D471FF36BA600C00B47 /* CIColorMonochrome.swift in Sources */,
				0D728D5D1FF36C4E00C00B47 /* CIPhotoEffectProcess.swift in Sources */,
				0D728D651FF36C7D00C00B47 /* CIVignette.swift in Sources */,
				0D728D431FF36B8700C00B47 /* CIColorInvert.swift in Sources */,
				0D5EA98B200369F700855D36 /* CITorusLensDistortion.swift in Sources */,
				0D5EA9732003696700855D36 /* CIBumpDistortion.swift in Sources */,
				0D728D551FF36C1900C00B47 /* CIPhotoEffectFade.swift in Sources */,
				0D5E73171FE8BAC200D172B8 /* CILinearToSRGBToneCurve.swift in Sources */,
				D932AC6B1FC2D70100764902 /* CIMaskedVariableBlur.swift in Sources */,
				0DF2E1C61FF4D230008E68E8 /* CIPinLightBlendMode.swift in Sources */,
				0DF2E1BA1FF4D1ED008E68E8 /* CILuminosityBlendMode.swift in Sources */,
				0D728D3F1FF36B6A00C00B47 /* CIColorCube.swift in Sources */,
				0D5E730D1FE8BA8700D172B8 /* CIColorMatrix.swift in Sources */,
				0D728D571FF36C2800C00B47 /* CIPhotoEffectInstant.swift in Sources */,
				D9BBFDD81F6BBDB200A09E46 /* SliderView.swift in Sources */,
				0DF2E1C41FF4D225008E68E8 /* CIOverlayBlendMode.swift in Sources */,
				0D5E730F1FE8BA9400D172B8 /* CIColorPolynomial.swift in Sources */,
				0DF2E1B41FF4D1CB008E68E8 /* CILightenBlendMode.swift in Sources */,
				0D728D611FF36C6500C00B47 /* CIPhotoEffectTransfer.swift in Sources */,
				0D728D3D1FF36B5A00C00B47 /* CIColorCrossPolynomial.swift in Sources */,
				0DF2E1D21FF4D275008E68E8 /* CISourceOutCompositing.swift in Sources */,
				0D5E731B1FE8BADF00D172B8 /* CISRGBToneCurveToLinear.swift in Sources */,
				0DF2E1A61FF4D17D008E68E8 /* CIColorDodgeBlendMode.swift in Sources */,
				0D5E73111FE8BAA200D172B8 /* CIExposureAdjust.swift in Sources */,
				0DF2E1D41FF4D281008E68E8 /* CISourceOverCompositing.swift in Sources */,
				D94D50FB1FC3B98A00BEBB19 /* CIMotionBlur.swift in Sources */,
				0D728D4B1FF36BC400C00B47 /* CIFalseColor.swift in Sources */,
				0D5E73151FE8BAB800D172B8 /* CIHueAdjust.swift in Sources */,
				0DF2E1CE1FF4D25E008E68E8 /* CISourceAtopCompositing.swift in Sources */,
				0D5EA989200369EC00855D36 /* CIStretchCrop.swift in Sources */,
				0D728D511FF36BF000C00B47 /* CIMinimumComponent.swift in Sources */,
				0D5EA981200369BE00855D36 /* CIGlassLozenge.swift in Sources */,
				0DF2E1AA1FF4D193008E68E8 /* CIDifferenceBlendMode.swift in Sources */,
				0D5E731F1FE8BAF700D172B8 /* CIVibrance.swift in Sources */,
				0D5EA97F200369B300855D36 /* CIGlassDistortion.swift in Sources */,
				0D728D5B1FF36C4200C00B47 /* CIPhotoEffectNoir.swift in Sources */,
				0D5E731D1FE8BAED00D172B8 /* CIToneCurve.swift in Sources */,
				0D5E730B1FE8BA4D00D172B8 /* CIColorControls.swift in Sources */,
			);
			runOnlyForDeploymentPostprocessing = 0;
		};
/* End PBXSourcesBuildPhase section */

/* Begin PBXVariantGroup section */
		D9BBFDC01F6BAAFA00A09E46 /* Main.storyboard */ = {
			isa = PBXVariantGroup;
			children = (
				D9BBFDC11F6BAAFA00A09E46 /* Base */,
			);
			name = Main.storyboard;
			sourceTree = "<group>";
		};
		D9BBFDC51F6BAAFA00A09E46 /* LaunchScreen.storyboard */ = {
			isa = PBXVariantGroup;
			children = (
				D9BBFDC61F6BAAFA00A09E46 /* Base */,
			);
			name = LaunchScreen.storyboard;
			sourceTree = "<group>";
		};
/* End PBXVariantGroup section */

/* Begin XCBuildConfiguration section */
		D9BBFDC91F6BAAFA00A09E46 /* Debug */ = {
			isa = XCBuildConfiguration;
			buildSettings = {
				ALWAYS_SEARCH_USER_PATHS = NO;
				CLANG_ANALYZER_NONNULL = YES;
				CLANG_ANALYZER_NUMBER_OBJECT_CONVERSION = YES_AGGRESSIVE;
				CLANG_CXX_LANGUAGE_STANDARD = "gnu++0x";
				CLANG_CXX_LIBRARY = "libc++";
				CLANG_ENABLE_MODULES = YES;
				CLANG_ENABLE_OBJC_ARC = YES;
				CLANG_WARN_BLOCK_CAPTURE_AUTORELEASING = YES;
				CLANG_WARN_BOOL_CONVERSION = YES;
				CLANG_WARN_COMMA = YES;
				CLANG_WARN_CONSTANT_CONVERSION = YES;
				CLANG_WARN_DIRECT_OBJC_ISA_USAGE = YES_ERROR;
				CLANG_WARN_DOCUMENTATION_COMMENTS = YES;
				CLANG_WARN_EMPTY_BODY = YES;
				CLANG_WARN_ENUM_CONVERSION = YES;
				CLANG_WARN_INFINITE_RECURSION = YES;
				CLANG_WARN_INT_CONVERSION = YES;
				CLANG_WARN_NON_LITERAL_NULL_CONVERSION = YES;
				CLANG_WARN_OBJC_LITERAL_CONVERSION = YES;
				CLANG_WARN_OBJC_ROOT_CLASS = YES_ERROR;
				CLANG_WARN_RANGE_LOOP_ANALYSIS = YES;
				CLANG_WARN_STRICT_PROTOTYPES = YES;
				CLANG_WARN_SUSPICIOUS_MOVE = YES;
				CLANG_WARN_UNREACHABLE_CODE = YES;
				CLANG_WARN__DUPLICATE_METHOD_MATCH = YES;
				"CODE_SIGN_IDENTITY[sdk=iphoneos*]" = "iPhone Developer";
				COPY_PHASE_STRIP = NO;
				DEBUG_INFORMATION_FORMAT = dwarf;
				ENABLE_STRICT_OBJC_MSGSEND = YES;
				ENABLE_TESTABILITY = YES;
				GCC_C_LANGUAGE_STANDARD = gnu99;
				GCC_DYNAMIC_NO_PIC = NO;
				GCC_NO_COMMON_BLOCKS = YES;
				GCC_OPTIMIZATION_LEVEL = 0;
				GCC_PREPROCESSOR_DEFINITIONS = (
					"DEBUG=1",
					"$(inherited)",
				);
				GCC_WARN_64_TO_32_BIT_CONVERSION = YES;
				GCC_WARN_ABOUT_RETURN_TYPE = YES_ERROR;
				GCC_WARN_UNDECLARED_SELECTOR = YES;
				GCC_WARN_UNINITIALIZED_AUTOS = YES_AGGRESSIVE;
				GCC_WARN_UNUSED_FUNCTION = YES;
				GCC_WARN_UNUSED_VARIABLE = YES;
				IPHONEOS_DEPLOYMENT_TARGET = 10.3;
				MTL_ENABLE_DEBUG_INFO = YES;
				ONLY_ACTIVE_ARCH = YES;
				SDKROOT = iphoneos;
				SWIFT_ACTIVE_COMPILATION_CONDITIONS = DEBUG;
				SWIFT_OPTIMIZATION_LEVEL = "-Onone";
			};
			name = Debug;
		};
		D9BBFDCA1F6BAAFA00A09E46 /* Release */ = {
			isa = XCBuildConfiguration;
			buildSettings = {
				ALWAYS_SEARCH_USER_PATHS = NO;
				CLANG_ANALYZER_NONNULL = YES;
				CLANG_ANALYZER_NUMBER_OBJECT_CONVERSION = YES_AGGRESSIVE;
				CLANG_CXX_LANGUAGE_STANDARD = "gnu++0x";
				CLANG_CXX_LIBRARY = "libc++";
				CLANG_ENABLE_MODULES = YES;
				CLANG_ENABLE_OBJC_ARC = YES;
				CLANG_WARN_BLOCK_CAPTURE_AUTORELEASING = YES;
				CLANG_WARN_BOOL_CONVERSION = YES;
				CLANG_WARN_COMMA = YES;
				CLANG_WARN_CONSTANT_CONVERSION = YES;
				CLANG_WARN_DIRECT_OBJC_ISA_USAGE = YES_ERROR;
				CLANG_WARN_DOCUMENTATION_COMMENTS = YES;
				CLANG_WARN_EMPTY_BODY = YES;
				CLANG_WARN_ENUM_CONVERSION = YES;
				CLANG_WARN_INFINITE_RECURSION = YES;
				CLANG_WARN_INT_CONVERSION = YES;
				CLANG_WARN_NON_LITERAL_NULL_CONVERSION = YES;
				CLANG_WARN_OBJC_LITERAL_CONVERSION = YES;
				CLANG_WARN_OBJC_ROOT_CLASS = YES_ERROR;
				CLANG_WARN_RANGE_LOOP_ANALYSIS = YES;
				CLANG_WARN_STRICT_PROTOTYPES = YES;
				CLANG_WARN_SUSPICIOUS_MOVE = YES;
				CLANG_WARN_UNREACHABLE_CODE = YES;
				CLANG_WARN__DUPLICATE_METHOD_MATCH = YES;
				"CODE_SIGN_IDENTITY[sdk=iphoneos*]" = "iPhone Developer";
				COPY_PHASE_STRIP = NO;
				DEBUG_INFORMATION_FORMAT = "dwarf-with-dsym";
				ENABLE_NS_ASSERTIONS = NO;
				ENABLE_STRICT_OBJC_MSGSEND = YES;
				GCC_C_LANGUAGE_STANDARD = gnu99;
				GCC_NO_COMMON_BLOCKS = YES;
				GCC_WARN_64_TO_32_BIT_CONVERSION = YES;
				GCC_WARN_ABOUT_RETURN_TYPE = YES_ERROR;
				GCC_WARN_UNDECLARED_SELECTOR = YES;
				GCC_WARN_UNINITIALIZED_AUTOS = YES_AGGRESSIVE;
				GCC_WARN_UNUSED_FUNCTION = YES;
				GCC_WARN_UNUSED_VARIABLE = YES;
				IPHONEOS_DEPLOYMENT_TARGET = 10.3;
				MTL_ENABLE_DEBUG_INFO = NO;
				SDKROOT = iphoneos;
				SWIFT_OPTIMIZATION_LEVEL = "-Owholemodule";
				VALIDATE_PRODUCT = YES;
			};
			name = Release;
		};
		D9BBFDCC1F6BAAFA00A09E46 /* Debug */ = {
			isa = XCBuildConfiguration;
			buildSettings = {
				ASSETCATALOG_COMPILER_APPICON_NAME = AppIcon;
				CLANG_ENABLE_MODULES = YES;
				DEVELOPMENT_TEAM = 25AP33B4X5;
				INFOPLIST_FILE = Filters/Info.plist;
				LD_RUNPATH_SEARCH_PATHS = "$(inherited) @executable_path/Frameworks";
				PRODUCT_BUNDLE_IDENTIFIER = cyd.CCFilters;
				PRODUCT_NAME = "$(TARGET_NAME)";
				SWIFT_OBJC_BRIDGING_HEADER = "Filters/Filters-Bridging-Header.h";
				SWIFT_OPTIMIZATION_LEVEL = "-Onone";
				SWIFT_SWIFT3_OBJC_INFERENCE = Default;
				SWIFT_VERSION = 4.0;
			};
			name = Debug;
		};
		D9BBFDCD1F6BAAFA00A09E46 /* Release */ = {
			isa = XCBuildConfiguration;
			buildSettings = {
				ASSETCATALOG_COMPILER_APPICON_NAME = AppIcon;
				CLANG_ENABLE_MODULES = YES;
				DEVELOPMENT_TEAM = 25AP33B4X5;
				INFOPLIST_FILE = Filters/Info.plist;
				LD_RUNPATH_SEARCH_PATHS = "$(inherited) @executable_path/Frameworks";
				PRODUCT_BUNDLE_IDENTIFIER = cyd.CCFilters;
				PRODUCT_NAME = "$(TARGET_NAME)";
				SWIFT_OBJC_BRIDGING_HEADER = "Filters/Filters-Bridging-Header.h";
				SWIFT_SWIFT3_OBJC_INFERENCE = Default;
				SWIFT_VERSION = 4.0;
			};
			name = Release;
		};
/* End XCBuildConfiguration section */

/* Begin XCConfigurationList section */
		D9BBFDB41F6BAAF900A09E46 /* Build configuration list for PBXProject "Filters" */ = {
			isa = XCConfigurationList;
			buildConfigurations = (
				D9BBFDC91F6BAAFA00A09E46 /* Debug */,
				D9BBFDCA1F6BAAFA00A09E46 /* Release */,
			);
			defaultConfigurationIsVisible = 0;
			defaultConfigurationName = Release;
		};
		D9BBFDCB1F6BAAFA00A09E46 /* Build configuration list for PBXNativeTarget "Filters" */ = {
			isa = XCConfigurationList;
			buildConfigurations = (
				D9BBFDCC1F6BAAFA00A09E46 /* Debug */,
				D9BBFDCD1F6BAAFA00A09E46 /* Release */,
			);
			defaultConfigurationIsVisible = 0;
			defaultConfigurationName = Release;
		};
/* End XCConfigurationList section */
	};
	rootObject = D9BBFDB11F6BAAF900A09E46 /* Project object */;
}
